
Microsoft Visual Studio Solution File, Format Version 12.00
# Visual Studio Version 16
VisualStudioVersion = 16.0.29911.84
MinimumVisualStudioVersion = 10.0.40219.1
Project("{FAE04EC0-301F-11D3-BF4B-00C04F79EFBC}") = "TestSendNotifications", "TestSendNotifications\TestSendNotifications.csproj", "{BC203DB9-5372-4603-B128-E5D089AFB6BA}"
EndProject
Global
	GlobalSection(SolutionConfigurationPlatforms) = preSolution
		Debug|Any CPU = Debug|Any CPU
		Release|Any CPU = Release|Any CPU
	EndGlobalSection
	GlobalSection(ProjectConfigurationPlatforms) = postSolution
		{BC203DB9-5372-4603-B128-E5D089AFB6BA}.Debug|Any CPU.ActiveCfg = Debug|Any CPU
		{BC203DB9-5372-4603-B128-E5D089AFB6BA}.Debug|Any CPU.Build.0 = Debug|Any CPU
		{BC203DB9-5372-4603-B128-E5D089AFB6BA}.Release|Any CPU.ActiveCfg = Release|Any CPU
		{BC203DB9-5372-4603-B128-E5D089AFB6BA}.Release|Any CPU.Build.0 = Release|Any CPU
	EndGlobalSection
	GlobalSection(SolutionProperties) = preSolution
		HideSolutionNode = FALSE
	EndGlobalSection
	GlobalSection(ExtensibilityGlobals) = postSolution
		SolutionGuid = {FAF05D3C-4F05-4492-879C-99E76C0C659F}
	EndGlobalSection
EndGlobal
