
Microsoft Visual Studio Solution File, Format Version 12.00
# Visual Studio Version 16
VisualStudioVersion = 16.0.30011.22
MinimumVisualStudioVersion = 10.0.40219.1
Project("{FAE04EC0-301F-11D3-BF4B-00C04F79EFBC}") = "NotificationsClient.Android", ".\NotificationsClient\NotificationsClient.Android\NotificationsClient.Android.csproj", "{ED8E2A52-68C6-4E57-AF3C-97A50EEB7CD8}"
EndProject
Project("{9A19103F-16F7-4668-BE54-9A1E7A4F7556}") = "NotificationsClient", ".\NotificationsClient\NotificationsClient\NotificationsClient.csproj", "{63168281-8E0D-4719-9112-548D0BAF73F1}"
EndProject
Project("{9A19103F-16F7-4668-BE54-9A1E7A4F7556}") = "NotificationsClient.Data", ".\NotificationsClient\NotificationsClient.Data\NotificationsClient.Data.csproj", "{0C480AFD-24D5-4671-8863-9994D7ACDCF9}"
EndProject
Project("{9A19103F-16F7-4668-BE54-9A1E7A4F7556}") = "Notifications.Data", "..\Notifications.Endpoint\Notifications.Data\Notifications.Data.csproj", "{AF2BC2F6-F30B-40AA-A5BC-3900BCE3638A}"
EndProject
Global
	GlobalSection(SolutionConfigurationPlatforms) = preSolution
		Debug|Any CPU = Debug|Any CPU
		Release|Any CPU = Release|Any CPU
	EndGlobalSection
	GlobalSection(ProjectConfigurationPlatforms) = postSolution
		{ED8E2A52-68C6-4E57-AF3C-97A50EEB7CD8}.Debug|Any CPU.ActiveCfg = Debug|Any CPU
		{ED8E2A52-68C6-4E57-AF3C-97A50EEB7CD8}.Debug|Any CPU.Build.0 = Debug|Any CPU
		{ED8E2A52-68C6-4E57-AF3C-97A50EEB7CD8}.Debug|Any CPU.Deploy.0 = Debug|Any CPU
		{ED8E2A52-68C6-4E57-AF3C-97A50EEB7CD8}.Release|Any CPU.ActiveCfg = Release|Any CPU
		{ED8E2A52-68C6-4E57-AF3C-97A50EEB7CD8}.Release|Any CPU.Build.0 = Release|Any CPU
		{ED8E2A52-68C6-4E57-AF3C-97A50EEB7CD8}.Release|Any CPU.Deploy.0 = Release|Any CPU
		{63168281-8E0D-4719-9112-548D0BAF73F1}.Debug|Any CPU.ActiveCfg = Debug|Any CPU
		{63168281-8E0D-4719-9112-548D0BAF73F1}.Debug|Any CPU.Build.0 = Debug|Any CPU
		{63168281-8E0D-4719-9112-548D0BAF73F1}.Release|Any CPU.ActiveCfg = Release|Any CPU
		{63168281-8E0D-4719-9112-548D0BAF73F1}.Release|Any CPU.Build.0 = Release|Any CPU
		{0C480AFD-24D5-4671-8863-9994D7ACDCF9}.Debug|Any CPU.ActiveCfg = Debug|Any CPU
		{0C480AFD-24D5-4671-8863-9994D7ACDCF9}.Debug|Any CPU.Build.0 = Debug|Any CPU
		{0C480AFD-24D5-4671-8863-9994D7ACDCF9}.Release|Any CPU.ActiveCfg = Release|Any CPU
		{0C480AFD-24D5-4671-8863-9994D7ACDCF9}.Release|Any CPU.Build.0 = Release|Any CPU
		{AF2BC2F6-F30B-40AA-A5BC-3900BCE3638A}.Debug|Any CPU.ActiveCfg = Debug|Any CPU
		{AF2BC2F6-F30B-40AA-A5BC-3900BCE3638A}.Debug|Any CPU.Build.0 = Debug|Any CPU
		{AF2BC2F6-F30B-40AA-A5BC-3900BCE3638A}.Release|Any CPU.ActiveCfg = Release|Any CPU
		{AF2BC2F6-F30B-40AA-A5BC-3900BCE3638A}.Release|Any CPU.Build.0 = Release|Any CPU
	EndGlobalSection
	GlobalSection(SolutionProperties) = preSolution
		HideSolutionNode = FALSE
	EndGlobalSection
	GlobalSection(ExtensibilityGlobals) = postSolution
		SolutionGuid = {B22D9EFD-07D7-4497-91E2-2FCBD37C4E98}
	EndGlobalSection
EndGlobal
